
Microsoft Visual Studio Solution File, Format Version 12.00
# Visual Studio 15
VisualStudioVersion = 15.0.27703.2047
MinimumVisualStudioVersion = 10.0.40219.1
Project("{FAE04EC0-301F-11D3-BF4B-00C04F79EFBC}") = "AnalogClock", "AnalogClock\AnalogClock.csproj", "{007CD0FA-0543-47B6-94F5-7C5E8CA84F71}"
EndProject
Project("{FAE04EC0-301F-11D3-BF4B-00C04F79EFBC}") = "AnalogClockControl", "AnalogClockControl\AnalogClockControl.csproj", "{3660C874-F2EA-48FB-81E9-47606B3BED86}"
EndProject
Global
	GlobalSection(SolutionConfigurationPlatforms) = preSolution
		Debug|Any CPU = Debug|Any CPU
		Release|Any CPU = Release|Any CPU
	EndGlobalSection
	GlobalSection(ProjectConfigurationPlatforms) = postSolution
		{007CD0FA-0543-47B6-94F5-7C5E8CA84F71}.Debug|Any CPU.ActiveCfg = Debug|Any CPU
		{007CD0FA-0543-47B6-94F5-7C5E8CA84F71}.Debug|Any CPU.Build.0 = Debug|Any CPU
		{007CD0FA-0543-47B6-94F5-7C5E8CA84F71}.Release|Any CPU.ActiveCfg = Release|Any CPU
		{007CD0FA-0543-47B6-94F5-7C5E8CA84F71}.Release|Any CPU.Build.0 = Release|Any CPU
		{3660C874-F2EA-48FB-81E9-47606B3BED86}.Debug|Any CPU.ActiveCfg = Debug|Any CPU
		{3660C874-F2EA-48FB-81E9-47606B3BED86}.Debug|Any CPU.Build.0 = Debug|Any CPU
		{3660C874-F2EA-48FB-81E9-47606B3BED86}.Release|Any CPU.ActiveCfg = Release|Any CPU
		{3660C874-F2EA-48FB-81E9-47606B3BED86}.Release|Any CPU.Build.0 = Release|Any CPU
	EndGlobalSection
	GlobalSection(SolutionProperties) = preSolution
		HideSolutionNode = FALSE
	EndGlobalSection
	GlobalSection(ExtensibilityGlobals) = postSolution
		SolutionGuid = {B29235EB-9B1F-4B16-A054-E7E719EFE7C4}
	EndGlobalSection
EndGlobal
